
Microsoft Visual Studio Solution File, Format Version 12.00
# Visual Studio Version 17
VisualStudioVersion = 17.0.31919.166
MinimumVisualStudioVersion = 10.0.40219.1
Project("{9A19103F-16F7-4668-BE54-9A1E7A4F7556}") = "EMR.Shared", "EMR.Shared\EMR.Shared.csproj", "{AD5EA10E-D9C3-46C5-AF9E-2D7A115B84D1}"
EndProject
Project("{9A19103F-16F7-4668-BE54-9A1E7A4F7556}") = "EMR.Domain", "EMR.Domain\EMR.Domain.csproj", "{46805294-F0B4-4703-989D-CC66F2F82BEE}"
EndProject
Project("{9A19103F-16F7-4668-BE54-9A1E7A4F7556}") = "EMR.Application", "EMR.Application\EMR.Application.csproj", "{DAC02036-F9AC-4FF1-940F-A68000754E74}"
EndProject
Project("{2150E333-8FDC-42A3-9474-1A3956D46DE8}") = "Domain", "Domain", "{F6EDD4D4-2D6A-445D-857F-8168CDBE1EF1}"
EndProject
Project("{2150E333-8FDC-42A3-9474-1A3956D46DE8}") = "Core", "Core", "{9D49B77B-4308-470B-BD51-DF9A6B2AB848}"
EndProject
Project("{2150E333-8FDC-42A3-9474-1A3956D46DE8}") = "Infrastructure", "Infrastructure", "{4B61370A-F065-41E7-9F67-5B0DE05AA61F}"
EndProject
Project("{2150E333-8FDC-42A3-9474-1A3956D46DE8}") = "Presentation", "Presentation", "{FD5ECCF5-CA9A-4528-A37B-9DE7226BF78E}"
EndProject
Project("{2150E333-8FDC-42A3-9474-1A3956D46DE8}") = "Shared", "Shared", "{6A51BE9C-E0D5-41D2-95EF-875EC74E5F3C}"
EndProject
Project("{FAE04EC0-301F-11D3-BF4B-00C04F79EFBC}") = "EMR.Persistence", "EMR.Persistence\EMR.Persistence.csproj", "{C3458360-764E-49F1-AEE9-F63DE5737B7D}"
EndProject
Project("{FAE04EC0-301F-11D3-BF4B-00C04F79EFBC}") = "EMR.API", "EMR.API\EMR.API.csproj", "{462848AB-6172-4C7C-B68E-7A35F9A6F2A6}"
EndProject
Project("{FAE04EC0-301F-11D3-BF4B-00C04F79EFBC}") = "EMR.SMS", "EMR.SMS\EMR.SMS.csproj", "{5F98B373-5034-4AD4-A8CE-F92DFA82501A}"
EndProject
Project("{FAE04EC0-301F-11D3-BF4B-00C04F79EFBC}") = "EMR.Seed", "EMR.Seed\EMR.Seed.csproj", "{BCF3E1FC-8D08-4AF5-89AD-B694EA240584}"
EndProject
Project("{FAE04EC0-301F-11D3-BF4B-00C04F79EFBC}") = "EMR.SendGrid", "EMR.SendGrid\EMR.SendGrid.csproj", "{ED37A67E-9CA7-4388-ACDC-2CBF7C61FD75}"
EndProject
Project("{FAE04EC0-301F-11D3-BF4B-00C04F79EFBC}") = "EMR.Firebase", "EMR.Firebase\EMR.Firebase.csproj", "{7D4C0880-A472-424F-A491-03E72D5028D4}"
EndProject
Project("{FAE04EC0-301F-11D3-BF4B-00C04F79EFBC}") = "EMR.BlogStorage", "EMR.BlogStorage\EMR.BlogStorage.csproj", "{E276983C-A42C-4189-82E0-DC9CABDD3006}"
EndProject
Project("{FAE04EC0-301F-11D3-BF4B-00C04F79EFBC}") = "EMR.Redis", "EMR.Redis\EMR.Redis.csproj", "{0A99B00E-70FB-4802-B9C2-FCF60D4EEC89}"
EndProject
Global
	GlobalSection(SolutionConfigurationPlatforms) = preSolution
		Debug|Any CPU = Debug|Any CPU
		Release|Any CPU = Release|Any CPU
	EndGlobalSection
	GlobalSection(ProjectConfigurationPlatforms) = postSolution
		{AD5EA10E-D9C3-46C5-AF9E-2D7A115B84D1}.Debug|Any CPU.ActiveCfg = Debug|Any CPU
		{AD5EA10E-D9C3-46C5-AF9E-2D7A115B84D1}.Debug|Any CPU.Build.0 = Debug|Any CPU
		{AD5EA10E-D9C3-46C5-AF9E-2D7A115B84D1}.Release|Any CPU.ActiveCfg = Release|Any CPU
		{AD5EA10E-D9C3-46C5-AF9E-2D7A115B84D1}.Release|Any CPU.Build.0 = Release|Any CPU
		{46805294-F0B4-4703-989D-CC66F2F82BEE}.Debug|Any CPU.ActiveCfg = Debug|Any CPU
		{46805294-F0B4-4703-989D-CC66F2F82BEE}.Debug|Any CPU.Build.0 = Debug|Any CPU
		{46805294-F0B4-4703-989D-CC66F2F82BEE}.Release|Any CPU.ActiveCfg = Release|Any CPU
		{46805294-F0B4-4703-989D-CC66F2F82BEE}.Release|Any CPU.Build.0 = Release|Any CPU
		{DAC02036-F9AC-4FF1-940F-A68000754E74}.Debug|Any CPU.ActiveCfg = Debug|Any CPU
		{DAC02036-F9AC-4FF1-940F-A68000754E74}.Debug|Any CPU.Build.0 = Debug|Any CPU
		{DAC02036-F9AC-4FF1-940F-A68000754E74}.Release|Any CPU.ActiveCfg = Release|Any CPU
		{DAC02036-F9AC-4FF1-940F-A68000754E74}.Release|Any CPU.Build.0 = Release|Any CPU
		{C3458360-764E-49F1-AEE9-F63DE5737B7D}.Debug|Any CPU.ActiveCfg = Debug|Any CPU
		{C3458360-764E-49F1-AEE9-F63DE5737B7D}.Debug|Any CPU.Build.0 = Debug|Any CPU
		{C3458360-764E-49F1-AEE9-F63DE5737B7D}.Release|Any CPU.ActiveCfg = Release|Any CPU
		{C3458360-764E-49F1-AEE9-F63DE5737B7D}.Release|Any CPU.Build.0 = Release|Any CPU
		{462848AB-6172-4C7C-B68E-7A35F9A6F2A6}.Debug|Any CPU.ActiveCfg = Debug|Any CPU
		{462848AB-6172-4C7C-B68E-7A35F9A6F2A6}.Debug|Any CPU.Build.0 = Debug|Any CPU
		{462848AB-6172-4C7C-B68E-7A35F9A6F2A6}.Release|Any CPU.ActiveCfg = Release|Any CPU
		{462848AB-6172-4C7C-B68E-7A35F9A6F2A6}.Release|Any CPU.Build.0 = Release|Any CPU
		{5F98B373-5034-4AD4-A8CE-F92DFA82501A}.Debug|Any CPU.ActiveCfg = Debug|Any CPU
		{5F98B373-5034-4AD4-A8CE-F92DFA82501A}.Debug|Any CPU.Build.0 = Debug|Any CPU
		{5F98B373-5034-4AD4-A8CE-F92DFA82501A}.Release|Any CPU.ActiveCfg = Release|Any CPU
		{5F98B373-5034-4AD4-A8CE-F92DFA82501A}.Release|Any CPU.Build.0 = Release|Any CPU
		{BCF3E1FC-8D08-4AF5-89AD-B694EA240584}.Debug|Any CPU.ActiveCfg = Debug|Any CPU
		{BCF3E1FC-8D08-4AF5-89AD-B694EA240584}.Debug|Any CPU.Build.0 = Debug|Any CPU
		{BCF3E1FC-8D08-4AF5-89AD-B694EA240584}.Release|Any CPU.ActiveCfg = Release|Any CPU
		{BCF3E1FC-8D08-4AF5-89AD-B694EA240584}.Release|Any CPU.Build.0 = Release|Any CPU
		{ED37A67E-9CA7-4388-ACDC-2CBF7C61FD75}.Debug|Any CPU.ActiveCfg = Debug|Any CPU
		{ED37A67E-9CA7-4388-ACDC-2CBF7C61FD75}.Debug|Any CPU.Build.0 = Debug|Any CPU
		{ED37A67E-9CA7-4388-ACDC-2CBF7C61FD75}.Release|Any CPU.ActiveCfg = Release|Any CPU
		{ED37A67E-9CA7-4388-ACDC-2CBF7C61FD75}.Release|Any CPU.Build.0 = Release|Any CPU
		{7D4C0880-A472-424F-A491-03E72D5028D4}.Debug|Any CPU.ActiveCfg = Debug|Any CPU
		{7D4C0880-A472-424F-A491-03E72D5028D4}.Debug|Any CPU.Build.0 = Debug|Any CPU
		{7D4C0880-A472-424F-A491-03E72D5028D4}.Release|Any CPU.ActiveCfg = Release|Any CPU
		{7D4C0880-A472-424F-A491-03E72D5028D4}.Release|Any CPU.Build.0 = Release|Any CPU
		{E276983C-A42C-4189-82E0-DC9CABDD3006}.Debug|Any CPU.ActiveCfg = Debug|Any CPU
		{E276983C-A42C-4189-82E0-DC9CABDD3006}.Debug|Any CPU.Build.0 = Debug|Any CPU
		{E276983C-A42C-4189-82E0-DC9CABDD3006}.Release|Any CPU.ActiveCfg = Release|Any CPU
		{E276983C-A42C-4189-82E0-DC9CABDD3006}.Release|Any CPU.Build.0 = Release|Any CPU
		{0A99B00E-70FB-4802-B9C2-FCF60D4EEC89}.Debug|Any CPU.ActiveCfg = Debug|Any CPU
		{0A99B00E-70FB-4802-B9C2-FCF60D4EEC89}.Debug|Any CPU.Build.0 = Debug|Any CPU
		{0A99B00E-70FB-4802-B9C2-FCF60D4EEC89}.Release|Any CPU.ActiveCfg = Release|Any CPU
		{0A99B00E-70FB-4802-B9C2-FCF60D4EEC89}.Release|Any CPU.Build.0 = Release|Any CPU
	EndGlobalSection
	GlobalSection(SolutionProperties) = preSolution
		HideSolutionNode = FALSE
	EndGlobalSection
	GlobalSection(ExtensibilityGlobals) = postSolution
		SolutionGuid = {ED3E6669-AEC5-4A3B-9E57-2A81DE87BAAF}
	EndGlobalSection
	GlobalSection(NestedProjects) = preSolution
		{46805294-F0B4-4703-989D-CC66F2F82BEE} = {F6EDD4D4-2D6A-445D-857F-8168CDBE1EF1}
		{DAC02036-F9AC-4FF1-940F-A68000754E74} = {9D49B77B-4308-470B-BD51-DF9A6B2AB848}
		{AD5EA10E-D9C3-46C5-AF9E-2D7A115B84D1} = {6A51BE9C-E0D5-41D2-95EF-875EC74E5F3C}
		{C3458360-764E-49F1-AEE9-F63DE5737B7D} = {4B61370A-F065-41E7-9F67-5B0DE05AA61F}
		{462848AB-6172-4C7C-B68E-7A35F9A6F2A6} = {FD5ECCF5-CA9A-4528-A37B-9DE7226BF78E}
		{5F98B373-5034-4AD4-A8CE-F92DFA82501A} = {4B61370A-F065-41E7-9F67-5B0DE05AA61F}
		{BCF3E1FC-8D08-4AF5-89AD-B694EA240584} = {4B61370A-F065-41E7-9F67-5B0DE05AA61F}
		{ED37A67E-9CA7-4388-ACDC-2CBF7C61FD75} = {4B61370A-F065-41E7-9F67-5B0DE05AA61F}
		{7D4C0880-A472-424F-A491-03E72D5028D4} = {4B61370A-F065-41E7-9F67-5B0DE05AA61F}
		{E276983C-A42C-4189-82E0-DC9CABDD3006} = {4B61370A-F065-41E7-9F67-5B0DE05AA61F}
		{0A99B00E-70FB-4802-B9C2-FCF60D4EEC89} = {4B61370A-F065-41E7-9F67-5B0DE05AA61F}
	EndGlobalSection
EndGlobal
